{
  "version": 4,
  "terraform_version": "1.5.5",
  "serial": 9,
  "lineage": "fd2857fb-aa4f-d3a8-2ae8-6cf7180efdc4",
  "outputs": {},
  "resources": [
    {
      "mode": "managed",
      "type": "databricks_job",
      "name": "salla_orchestration",
      "provider": "provider[\"registry.terraform.io/databricks/databricks\"]",
      "instances": [
        {
          "schema_version": 2,
          "attributes": {
            "always_running": false,
            "budget_policy_id": null,
            "continuous": [],
            "control_run_state": false,
            "dbt_task": [],
            "deployment": [
              {
                "kind": "BUNDLE",
                "metadata_file_path": "/Workspace/Users/zahoorishfaq@outlook.com/Salla-datapipeline/state/metadata.json"
              }
            ],
            "description": null,
            "edit_mode": "UI_LOCKED",
            "email_notifications": [
              {
                "no_alert_for_skipped_runs": false,
                "on_duration_warning_threshold_exceeded": [],
                "on_failure": [],
                "on_start": [],
                "on_streaming_backlog_exceeded": [],
                "on_success": []
              }
            ],
            "environment": [],
            "existing_cluster_id": null,
            "format": "MULTI_TASK",
            "git_source": [],
            "health": [],
            "id": "962375533153504",
            "job_cluster": [],
            "library": [],
            "max_concurrent_runs": 4,
            "max_retries": 0,
            "min_retry_interval_millis": 0,
            "name": "[dev zahoorishfaq] Salla E-Commerce Pipeline Orchestration",
            "new_cluster": [],
            "notebook_task": [],
            "notification_settings": [],
            "parameter": [],
            "performance_target": null,
            "pipeline_task": [],
            "provider_config": [],
            "python_wheel_task": [],
            "queue": [
              {
                "enabled": true
              }
            ],
            "retry_on_timeout": false,
            "run_as": [
              {
                "group_name": "",
                "service_principal_name": "",
                "user_name": "zahoorishfaq@outlook.com"
              }
            ],
            "run_job_task": [],
            "schedule": [
              {
                "pause_status": "PAUSED",
                "quartz_cron_expression": "0 0 6 * * ?",
                "timezone_id": "UTC"
              }
            ],
            "spark_jar_task": [],
            "spark_python_task": [],
            "spark_submit_task": [],
            "tags": {
              "dev": "zahoorishfaq"
            },
            "task": [
              {
                "clean_rooms_notebook_task": [],
                "compute": [],
                "condition_task": [],
                "dashboard_task": [],
                "dbt_cloud_task": [],
                "dbt_platform_task": [],
                "dbt_task": [],
                "depends_on": [],
                "description": "",
                "disable_auto_optimization": false,
                "disabled": false,
                "email_notifications": [
                  {
                    "no_alert_for_skipped_runs": false,
                    "on_duration_warning_threshold_exceeded": [],
                    "on_failure": [],
                    "on_start": [],
                    "on_streaming_backlog_exceeded": [],
                    "on_success": []
                  }
                ],
                "environment_key": "",
                "existing_cluster_id": "",
                "for_each_task": [],
                "gen_ai_compute_task": [],
                "health": [],
                "job_cluster_key": "",
                "library": [],
                "max_retries": 0,
                "min_retry_interval_millis": 0,
                "new_cluster": [],
                "notebook_task": [],
                "notification_settings": [],
                "pipeline_task": [
                  {
                    "full_refresh": false,
                    "pipeline_id": "cd8c7c88-a926-47e5-9580-f1934c44a037"
                  }
                ],
                "power_bi_task": [],
                "python_wheel_task": [],
                "retry_on_timeout": false,
                "run_if": "ALL_SUCCESS",
                "run_job_task": [],
                "spark_jar_task": [],
                "spark_python_task": [],
                "spark_submit_task": [],
                "sql_task": [],
                "task_key": "bronze_ingestion",
                "timeout_seconds": 0,
                "webhook_notifications": []
              },
              {
                "clean_rooms_notebook_task": [],
                "compute": [],
                "condition_task": [],
                "dashboard_task": [],
                "dbt_cloud_task": [],
                "dbt_platform_task": [],
                "dbt_task": [],
                "depends_on": [
                  {
                    "outcome": "",
                    "task_key": "silver_transformation"
                  }
                ],
                "description": "",
                "disable_auto_optimization": false,
                "disabled": false,
                "email_notifications": [
                  {
                    "no_alert_for_skipped_runs": false,
                    "on_duration_warning_threshold_exceeded": [],
                    "on_failure": [],
                    "on_start": [],
                    "on_streaming_backlog_exceeded": [],
                    "on_success": []
                  }
                ],
                "environment_key": "",
                "existing_cluster_id": "",
                "for_each_task": [],
                "gen_ai_compute_task": [],
                "health": [],
                "job_cluster_key": "",
                "library": [],
                "max_retries": 0,
                "min_retry_interval_millis": 0,
                "new_cluster": [],
                "notebook_task": [],
                "notification_settings": [],
                "pipeline_task": [
                  {
                    "full_refresh": false,
                    "pipeline_id": "62279bb1-c0a1-4670-ad61-0e07b1184d71"
                  }
                ],
                "power_bi_task": [],
                "python_wheel_task": [],
                "retry_on_timeout": false,
                "run_if": "ALL_SUCCESS",
                "run_job_task": [],
                "spark_jar_task": [],
                "spark_python_task": [],
                "spark_submit_task": [],
                "sql_task": [],
                "task_key": "gold_aggregation",
                "timeout_seconds": 0,
                "webhook_notifications": []
              },
              {
                "clean_rooms_notebook_task": [],
                "compute": [],
                "condition_task": [],
                "dashboard_task": [],
                "dbt_cloud_task": [],
                "dbt_platform_task": [],
                "dbt_task": [],
                "depends_on": [
                  {
                    "outcome": "",
                    "task_key": "gold_aggregation"
                  }
                ],
                "description": "",
                "disable_auto_optimization": false,
                "disabled": false,
                "email_notifications": [
                  {
                    "no_alert_for_skipped_runs": false,
                    "on_duration_warning_threshold_exceeded": [],
                    "on_failure": [],
                    "on_start": [],
                    "on_streaming_backlog_exceeded": [],
                    "on_success": []
                  }
                ],
                "environment_key": "",
                "existing_cluster_id": "",
                "for_each_task": [],
                "gen_ai_compute_task": [],
                "health": [],
                "job_cluster_key": "",
                "library": [],
                "max_retries": 0,
                "min_retry_interval_millis": 0,
                "new_cluster": [],
                "notebook_task": [
                  {
                    "base_parameters": {},
                    "notebook_path": "/Workspace/Users/zahoorishfaq@outlook.com/Salla-datapipeline/files/monitoring/pipeline_health_monitor",
                    "source": "WORKSPACE",
                    "warehouse_id": ""
                  }
                ],
                "notification_settings": [],
                "pipeline_task": [],
                "power_bi_task": [],
                "python_wheel_task": [],
                "retry_on_timeout": false,
                "run_if": "ALL_SUCCESS",
                "run_job_task": [],
                "spark_jar_task": [],
                "spark_python_task": [],
                "spark_submit_task": [],
                "sql_task": [],
                "task_key": "pipeline_monitoring",
                "timeout_seconds": 0,
                "webhook_notifications": []
              },
              {
                "clean_rooms_notebook_task": [],
                "compute": [],
                "condition_task": [],
                "dashboard_task": [],
                "dbt_cloud_task": [],
                "dbt_platform_task": [],
                "dbt_task": [],
                "depends_on": [
                  {
                    "outcome": "",
                    "task_key": "bronze_ingestion"
                  }
                ],
                "description": "",
                "disable_auto_optimization": false,
                "disabled": false,
                "email_notifications": [
                  {
                    "no_alert_for_skipped_runs": false,
                    "on_duration_warning_threshold_exceeded": [],
                    "on_failure": [],
                    "on_start": [],
                    "on_streaming_backlog_exceeded": [],
                    "on_success": []
                  }
                ],
                "environment_key": "",
                "existing_cluster_id": "",
                "for_each_task": [],
                "gen_ai_compute_task": [],
                "health": [],
                "job_cluster_key": "",
                "library": [],
                "max_retries": 0,
                "min_retry_interval_millis": 0,
                "new_cluster": [],
                "notebook_task": [],
                "notification_settings": [],
                "pipeline_task": [
                  {
                    "full_refresh": false,
                    "pipeline_id": "f5c1e5c9-8cc9-4c57-87fc-e0b40ba53803"
                  }
                ],
                "power_bi_task": [],
                "python_wheel_task": [],
                "retry_on_timeout": false,
                "run_if": "ALL_SUCCESS",
                "run_job_task": [],
                "spark_jar_task": [],
                "spark_python_task": [],
                "spark_submit_task": [],
                "sql_task": [],
                "task_key": "silver_transformation",
                "timeout_seconds": 0,
                "webhook_notifications": []
              }
            ],
            "timeout_seconds": 0,
            "timeouts": null,
            "trigger": [],
            "url": "https://adb-7405612252921842.2.azuredatabricks.net/#job/962375533153504",
            "usage_policy_id": null,
            "webhook_notifications": [
              {
                "on_duration_warning_threshold_exceeded": [],
                "on_failure": [],
                "on_start": [],
                "on_streaming_backlog_exceeded": [],
                "on_success": []
              }
            ]
          },
          "sensitive_attributes": [],
          "private": "eyJlMmJmYjczMC1lY2FhLTExZTYtOGY4OC0zNDM2M2JjN2M0YzAiOnsiY3JlYXRlIjoxODAwMDAwMDAwMDAwLCJ1cGRhdGUiOjE4MDAwMDAwMDAwMDB9LCJzY2hlbWFfdmVyc2lvbiI6IjIifQ==",
          "dependencies": [
            "databricks_pipeline.bronze_pipeline",
            "databricks_pipeline.gold_pipeline",
            "databricks_pipeline.silver_pipeline"
          ]
        }
      ]
    },
    {
      "mode": "managed",
      "type": "databricks_pipeline",
      "name": "bronze_pipeline",
      "provider": "provider[\"registry.terraform.io/databricks/databricks\"]",
      "instances": [
        {
          "schema_version": 0,
          "attributes": {
            "allow_duplicate_names": false,
            "budget_policy_id": null,
            "catalog": "salla_databricks",
            "cause": null,
            "channel": "PREVIEW",
            "cluster": [],
            "cluster_id": null,
            "configuration": {
              "spark.hadoop.fs.azure.account.key.salaborationstorage.dfs.core.windows.net": "{{secrets/databricks-secrets/adls-storage-key}}"
            },
            "continuous": false,
            "creator_user_name": "zahoorishfaq@outlook.com",
            "deployment": [
              {
                "kind": "BUNDLE",
                "metadata_file_path": "/Workspace/Users/zahoorishfaq@outlook.com/Salla-datapipeline/state/metadata.json"
              }
            ],
            "development": true,
            "edition": "ADVANCED",
            "environment": [],
            "event_log": [],
            "expected_last_modified": 0,
            "filters": [],
            "gateway_definition": [],
            "health": null,
            "id": "cd8c7c88-a926-47e5-9580-f1934c44a037",
            "ingestion_definition": [],
            "last_modified": 1776526565154,
            "latest_updates": [
              {
                "creation_time": "2026-04-20T11:58:14.979Z",
                "state": "COMPLETED",
                "update_id": "4d48d5c5-5ff1-49bc-88f8-30efb320e878"
              },
              {
                "creation_time": "2026-04-19T17:16:44.796Z",
                "state": "COMPLETED",
                "update_id": "39047bf3-db37-45dc-91a1-007e72c3e1d8"
              },
              {
                "creation_time": "2026-04-19T17:04:42.403Z",
                "state": "COMPLETED",
                "update_id": "2766b3e0-d3b6-4612-9a67-9d57839e16cb"
              },
              {
                "creation_time": "2026-04-19T16:59:15.013Z",
                "state": "FAILED",
                "update_id": "5ae79200-044f-4a97-a607-9db2d4db97bd"
              },
              {
                "creation_time": "2026-04-19T16:27:40.963Z",
                "state": "FAILED",
                "update_id": "9a8c225a-82bc-4369-81d6-ed4eee6a8734"
              }
            ],
            "library": [
              {
                "file": [],
                "glob": [],
                "jar": "",
                "maven": [],
                "notebook": [
                  {
                    "path": "/Workspace/Users/zahoorishfaq@outlook.com/Salla-datapipeline/files/bronze-layer/transformations/bronze_postgresql"
                  }
                ],
                "whl": ""
              },
              {
                "file": [],
                "glob": [],
                "jar": "",
                "maven": [],
                "notebook": [
                  {
                    "path": "/Workspace/Users/zahoorishfaq@outlook.com/Salla-datapipeline/files/bronze-layer/transformations/bronze_landing_zone"
                  }
                ],
                "whl": ""
              }
            ],
            "name": "[dev zahoorishfaq] Salla_Bronze_Pipeline",
            "notification": [],
            "photon": false,
            "provider_config": [],
            "restart_window": [],
            "root_path": null,
            "run_as": [],
            "run_as_user_name": "zahoorishfaq@outlook.com",
            "schema": null,
            "serverless": true,
            "state": "IDLE",
            "storage": null,
            "tags": {
              "dev": "zahoorishfaq"
            },
            "target": "bronze",
            "timeouts": null,
            "trigger": [],
            "url": "https://adb-7405612252921842.2.azuredatabricks.net/#joblist/pipelines/cd8c7c88-a926-47e5-9580-f1934c44a037",
            "usage_policy_id": null
          },
          "sensitive_attributes": [],
          "private": "eyJlMmJmYjczMC1lY2FhLTExZTYtOGY4OC0zNDM2M2JjN2M0YzAiOnsiY3JlYXRlIjoxMjAwMDAwMDAwMDAwLCJkZWZhdWx0IjoxMjAwMDAwMDAwMDAwLCJkZWxldGUiOjEyMDAwMDAwMDAwMDAsInJlYWQiOjEyMDAwMDAwMDAwMDAsInVwZGF0ZSI6MTIwMDAwMDAwMDAwMH19"
        }
      ]
    },
    {
      "mode": "managed",
      "type": "databricks_pipeline",
      "name": "gold_pipeline",
      "provider": "provider[\"registry.terraform.io/databricks/databricks\"]",
      "instances": [
        {
          "schema_version": 0,
          "attributes": {
            "allow_duplicate_names": false,
            "budget_policy_id": null,
            "catalog": "salla_databricks",
            "cause": null,
            "channel": "PREVIEW",
            "cluster": [],
            "cluster_id": null,
            "configuration": {
              "pipeline.silver_schema": "salla_databricks.silver"
            },
            "continuous": false,
            "creator_user_name": "zahoorishfaq@outlook.com",
            "deployment": [
              {
                "kind": "BUNDLE",
                "metadata_file_path": "/Workspace/Users/zahoorishfaq@outlook.com/Salla-datapipeline/state/metadata.json"
              }
            ],
            "development": true,
            "edition": "ADVANCED",
            "environment": [],
            "event_log": [],
            "expected_last_modified": 0,
            "filters": [],
            "gateway_definition": [],
            "health": null,
            "id": "62279bb1-c0a1-4670-ad61-0e07b1184d71",
            "ingestion_definition": [],
            "last_modified": 1776526565181,
            "latest_updates": [
              {
                "creation_time": "2026-04-20T12:01:00.201Z",
                "state": "COMPLETED",
                "update_id": "8bb3d19e-a3d7-4e79-a18e-de808b19df07"
              },
              {
                "creation_time": "2026-04-19T17:21:20.623Z",
                "state": "COMPLETED",
                "update_id": "0baf87bc-836b-4a12-bd56-03d531788fd7"
              },
              {
                "creation_time": "2026-04-19T17:11:03.850Z",
                "state": "COMPLETED",
                "update_id": "3e33949c-fb13-40d0-822a-238ef3087af8"
              },
              {
                "creation_time": "2026-04-19T15:48:45.101Z",
                "state": "COMPLETED",
                "update_id": "4ee4c594-bb90-4eae-919e-a78d4584472b"
              },
              {
                "creation_time": "2026-04-18T17:09:54.935Z",
                "state": "COMPLETED",
                "update_id": "f41aece3-1de8-4e12-95d8-6aa4f9fbf55c"
              }
            ],
            "library": [
              {
                "file": [],
                "glob": [],
                "jar": "",
                "maven": [],
                "notebook": [
                  {
                    "path": "/Workspace/Users/zahoorishfaq@outlook.com/Salla-datapipeline/files/gold-layer/transformations/gold_dimensions"
                  }
                ],
                "whl": ""
              },
              {
                "file": [],
                "glob": [],
                "jar": "",
                "maven": [],
                "notebook": [
                  {
                    "path": "/Workspace/Users/zahoorishfaq@outlook.com/Salla-datapipeline/files/gold-layer/transformations/gold_facts"
                  }
                ],
                "whl": ""
              }
            ],
            "name": "[dev zahoorishfaq] Salla_Gold_Pipeline",
            "notification": [],
            "photon": false,
            "provider_config": [],
            "restart_window": [],
            "root_path": null,
            "run_as": [],
            "run_as_user_name": "zahoorishfaq@outlook.com",
            "schema": null,
            "serverless": true,
            "state": "IDLE",
            "storage": null,
            "tags": {
              "dev": "zahoorishfaq"
            },
            "target": "gold",
            "timeouts": null,
            "trigger": [],
            "url": "https://adb-7405612252921842.2.azuredatabricks.net/#joblist/pipelines/62279bb1-c0a1-4670-ad61-0e07b1184d71",
            "usage_policy_id": null
          },
          "sensitive_attributes": [],
          "private": "eyJlMmJmYjczMC1lY2FhLTExZTYtOGY4OC0zNDM2M2JjN2M0YzAiOnsiY3JlYXRlIjoxMjAwMDAwMDAwMDAwLCJkZWZhdWx0IjoxMjAwMDAwMDAwMDAwLCJkZWxldGUiOjEyMDAwMDAwMDAwMDAsInJlYWQiOjEyMDAwMDAwMDAwMDAsInVwZGF0ZSI6MTIwMDAwMDAwMDAwMH19"
        }
      ]
    },
    {
      "mode": "managed",
      "type": "databricks_pipeline",
      "name": "silver_pipeline",
      "provider": "provider[\"registry.terraform.io/databricks/databricks\"]",
      "instances": [
        {
          "schema_version": 0,
          "attributes": {
            "allow_duplicate_names": false,
            "budget_policy_id": null,
            "catalog": "salla_databricks",
            "cause": null,
            "channel": "PREVIEW",
            "cluster": [],
            "cluster_id": null,
            "configuration": {
              "pipeline.bronze_schema": "salla_databricks.bronze"
            },
            "continuous": false,
            "creator_user_name": "zahoorishfaq@outlook.com",
            "deployment": [
              {
                "kind": "BUNDLE",
                "metadata_file_path": "/Workspace/Users/zahoorishfaq@outlook.com/Salla-datapipeline/state/metadata.json"
              }
            ],
            "development": true,
            "edition": "ADVANCED",
            "environment": [],
            "event_log": [],
            "expected_last_modified": 0,
            "filters": [],
            "gateway_definition": [],
            "health": null,
            "id": "f5c1e5c9-8cc9-4c57-87fc-e0b40ba53803",
            "ingestion_definition": [],
            "last_modified": 1776526565140,
            "latest_updates": [
              {
                "creation_time": "2026-04-20T11:59:47.672Z",
                "state": "COMPLETED",
                "update_id": "6df492cd-e4ee-4dd3-99f9-278dee0177e2"
              },
              {
                "creation_time": "2026-04-19T17:19:38.028Z",
                "state": "COMPLETED",
                "update_id": "4bec882d-e0d9-4606-8432-316e1d295e32"
              },
              {
                "creation_time": "2026-04-19T17:07:32.013Z",
                "state": "COMPLETED",
                "update_id": "c882243d-5a74-4fda-90a0-e5e05307ba3f"
              },
              {
                "creation_time": "2026-04-19T16:30:42.534Z",
                "state": "COMPLETED",
                "update_id": "52828f9e-c136-4ed2-9932-b2a1a74b07ad"
              },
              {
                "creation_time": "2026-04-19T16:10:57.003Z",
                "state": "COMPLETED",
                "update_id": "50036e5d-70d3-4e18-baec-e4461b4f58f6"
              }
            ],
            "library": [
              {
                "file": [],
                "glob": [],
                "jar": "",
                "maven": [],
                "notebook": [
                  {
                    "path": "/Workspace/Users/zahoorishfaq@outlook.com/Salla-datapipeline/files/silver-layer/transformations/silver_postgresql"
                  }
                ],
                "whl": ""
              },
              {
                "file": [],
                "glob": [],
                "jar": "",
                "maven": [],
                "notebook": [
                  {
                    "path": "/Workspace/Users/zahoorishfaq@outlook.com/Salla-datapipeline/files/silver-layer/transformations/silver_landing_zone"
                  }
                ],
                "whl": ""
              }
            ],
            "name": "[dev zahoorishfaq] Salla_Silver_Pipeline",
            "notification": [],
            "photon": false,
            "provider_config": [],
            "restart_window": [],
            "root_path": null,
            "run_as": [],
            "run_as_user_name": "zahoorishfaq@outlook.com",
            "schema": null,
            "serverless": true,
            "state": "IDLE",
            "storage": null,
            "tags": {
              "dev": "zahoorishfaq"
            },
            "target": "silver",
            "timeouts": null,
            "trigger": [],
            "url": "https://adb-7405612252921842.2.azuredatabricks.net/#joblist/pipelines/f5c1e5c9-8cc9-4c57-87fc-e0b40ba53803",
            "usage_policy_id": null
          },
          "sensitive_attributes": [],
          "private": "eyJlMmJmYjczMC1lY2FhLTExZTYtOGY4OC0zNDM2M2JjN2M0YzAiOnsiY3JlYXRlIjoxMjAwMDAwMDAwMDAwLCJkZWZhdWx0IjoxMjAwMDAwMDAwMDAwLCJkZWxldGUiOjEyMDAwMDAwMDAwMDAsInJlYWQiOjEyMDAwMDAwMDAwMDAsInVwZGF0ZSI6MTIwMDAwMDAwMDAwMH19"
        }
      ]
    }
  ],
  "check_results": null
}
